# This file is automatically @generated by Cargo.
# It is not intended for manual editing.
version = 3

[[package]]
name = "psmux"
version = "4.0.0"
dependencies = [
 "psmux-json",
 "psmux-regex",
 "psmux-tui",
 "psmux-unicode",
 "vt100-psmux",
]

[[package]]
name = "psmux-json"
version = "0.1.0"

[[package]]
name = "psmux-regex"
version = "0.1.0"

[[package]]
name = "psmux-tui"
version = "0.1.0"
dependencies = [
 "psmux-unicode",
]

[[package]]
name = "psmux-unicode"
version = "0.1.0"

[[package]]
name = "vt100-psmux"
version = "0.16.10"
dependencies = [
 "psmux-unicode",
]
