# This file is automatically @generated by Cargo.
# It is not intended for manual editing.
version = 4

[[package]]
name = "psmux-json"
version = "0.1.0"

[[package]]
name = "psmux-test-monitor"
version = "0.1.0"
dependencies = [
 "psmux-json",
 "psmux-tui",
]

[[package]]
name = "psmux-tui"
version = "0.1.0"
dependencies = [
 "psmux-unicode",
]

[[package]]
name = "psmux-unicode"
version = "0.1.0"
